
Microsoft Visual Studio Solution File, Format Version 12.00
# Visual Studio 15
Project("{FAE04EC0-301F-11D3-BF4B-00C04F79EFBC}") = "Assembly-CSharp-firstpass", "Assembly-CSharp-firstpass.csproj", "{98553A39-4088-6DB5-1889-4619174A0CCD}"
EndProject
Project("{FAE04EC0-301F-11D3-BF4B-00C04F79EFBC}") = "Assembly-CSharp", "Assembly-CSharp.csproj", "{73A00868-B729-040F-3CB8-8F7BD8669325}"
EndProject
Global
	GlobalSection(SolutionConfigurationPlatforms) = preSolution
		Debug|Any CPU = Debug|Any CPU
		Release|Any CPU = Release|Any CPU
	EndGlobalSection
	GlobalSection(ProjectConfigurationPlatforms) = postSolution
		{98553A39-4088-6DB5-1889-4619174A0CCD}.Debug|Any CPU.ActiveCfg = Debug|Any CPU
		{98553A39-4088-6DB5-1889-4619174A0CCD}.Debug|Any CPU.Build.0 = Debug|Any CPU
		{98553A39-4088-6DB5-1889-4619174A0CCD}.Release|Any CPU.ActiveCfg = Release|Any CPU
		{98553A39-4088-6DB5-1889-4619174A0CCD}.Release|Any CPU.Build.0 = Release|Any CPU
		{73A00868-B729-040F-3CB8-8F7BD8669325}.Debug|Any CPU.ActiveCfg = Debug|Any CPU
		{73A00868-B729-040F-3CB8-8F7BD8669325}.Debug|Any CPU.Build.0 = Debug|Any CPU
		{73A00868-B729-040F-3CB8-8F7BD8669325}.Release|Any CPU.ActiveCfg = Release|Any CPU
		{73A00868-B729-040F-3CB8-8F7BD8669325}.Release|Any CPU.Build.0 = Release|Any CPU
	EndGlobalSection
	GlobalSection(SolutionProperties) = preSolution
		HideSolutionNode = FALSE
	EndGlobalSection
EndGlobal
